
Microsoft Visual Studio Solution File, Format Version 12.00
# Visual Studio Version 16
VisualStudioVersion = 16.0.31005.135
MinimumVisualStudioVersion = 10.0.40219.1
Project("{FAE04EC0-301F-11D3-BF4B-00C04F79EFBC}") = "Calculadora_Ambiente_Visual", "Calculadora_Ambiente_Visual.csproj", "{D3484D6A-2BAC-4F51-B07F-5BF0C7B7FCCB}"
EndProject
Global
	GlobalSection(SolutionConfigurationPlatforms) = preSolution
		Debug|Any CPU = Debug|Any CPU
		Release|Any CPU = Release|Any CPU
	EndGlobalSection
	GlobalSection(ProjectConfigurationPlatforms) = postSolution
		{D3484D6A-2BAC-4F51-B07F-5BF0C7B7FCCB}.Debug|Any CPU.ActiveCfg = Debug|Any CPU
		{D3484D6A-2BAC-4F51-B07F-5BF0C7B7FCCB}.Debug|Any CPU.Build.0 = Debug|Any CPU
		{D3484D6A-2BAC-4F51-B07F-5BF0C7B7FCCB}.Release|Any CPU.ActiveCfg = Release|Any CPU
		{D3484D6A-2BAC-4F51-B07F-5BF0C7B7FCCB}.Release|Any CPU.Build.0 = Release|Any CPU
	EndGlobalSection
	GlobalSection(SolutionProperties) = preSolution
		HideSolutionNode = FALSE
	EndGlobalSection
	GlobalSection(ExtensibilityGlobals) = postSolution
		SolutionGuid = {9C5B96B1-6AD3-42E8-BB1B-8C32DF4BA1EF}
	EndGlobalSection
EndGlobal
